
Microsoft Visual Studio Solution File, Format Version 12.00
# Visual Studio Version 16
VisualStudioVersion = 16.0.30517.126
MinimumVisualStudioVersion = 10.0.40219.1
Project("{FAE04EC0-301F-11D3-BF4B-00C04F79EFBC}") = "ATMApp", "ATMApp.csproj", "{7748278A-D128-41C3-903B-A4AA55ECBE63}"
EndProject
Project("{FAE04EC0-301F-11D3-BF4B-00C04F79EFBC}") = "ATMCore", "..\ATMCore\ATMCore.csproj", "{42F1759E-BBE3-4DD9-B13C-4B0A34FFEEED}"
EndProject
Project("{FAE04EC0-301F-11D3-BF4B-00C04F79EFBC}") = "ATMUnitTestProject", "..\ATMUnitTestProject\ATMUnitTestProject.csproj", "{B2CD38F5-19C2-4DE5-93B6-905F48C1BE0D}"
EndProject
Global
	GlobalSection(SolutionConfigurationPlatforms) = preSolution
		Debug|Any CPU = Debug|Any CPU
		Release|Any CPU = Release|Any CPU
	EndGlobalSection
	GlobalSection(ProjectConfigurationPlatforms) = postSolution
		{7748278A-D128-41C3-903B-A4AA55ECBE63}.Debug|Any CPU.ActiveCfg = Debug|Any CPU
		{7748278A-D128-41C3-903B-A4AA55ECBE63}.Debug|Any CPU.Build.0 = Debug|Any CPU
		{7748278A-D128-41C3-903B-A4AA55ECBE63}.Release|Any CPU.ActiveCfg = Release|Any CPU
		{7748278A-D128-41C3-903B-A4AA55ECBE63}.Release|Any CPU.Build.0 = Release|Any CPU
		{42F1759E-BBE3-4DD9-B13C-4B0A34FFEEED}.Debug|Any CPU.ActiveCfg = Debug|Any CPU
		{42F1759E-BBE3-4DD9-B13C-4B0A34FFEEED}.Debug|Any CPU.Build.0 = Debug|Any CPU
		{42F1759E-BBE3-4DD9-B13C-4B0A34FFEEED}.Release|Any CPU.ActiveCfg = Release|Any CPU
		{42F1759E-BBE3-4DD9-B13C-4B0A34FFEEED}.Release|Any CPU.Build.0 = Release|Any CPU
		{B2CD38F5-19C2-4DE5-93B6-905F48C1BE0D}.Debug|Any CPU.ActiveCfg = Debug|Any CPU
		{B2CD38F5-19C2-4DE5-93B6-905F48C1BE0D}.Debug|Any CPU.Build.0 = Debug|Any CPU
		{B2CD38F5-19C2-4DE5-93B6-905F48C1BE0D}.Release|Any CPU.ActiveCfg = Release|Any CPU
		{B2CD38F5-19C2-4DE5-93B6-905F48C1BE0D}.Release|Any CPU.Build.0 = Release|Any CPU
	EndGlobalSection
	GlobalSection(SolutionProperties) = preSolution
		HideSolutionNode = FALSE
	EndGlobalSection
	GlobalSection(ExtensibilityGlobals) = postSolution
		SolutionGuid = {F002EC12-BFAA-4728-8E1A-1F83F32C78D9}
	EndGlobalSection
EndGlobal
